
Microsoft Visual Studio Solution File, Format Version 12.00
# Visual Studio Version 16
VisualStudioVersion = 16.0.29123.88
MinimumVisualStudioVersion = 10.0.40219.1
Project("{9A19103F-16F7-4668-BE54-9A1E7A4F7556}") = "EmailSender", "EmailSender\EmailSender.csproj", "{F77A7A3B-D61D-416F-A931-175B27E14A25}"
EndProject
Global
	GlobalSection(SolutionConfigurationPlatforms) = preSolution
		Debug|Any CPU = Debug|Any CPU
		Release|Any CPU = Release|Any CPU
	EndGlobalSection
	GlobalSection(ProjectConfigurationPlatforms) = postSolution
		{F77A7A3B-D61D-416F-A931-175B27E14A25}.Debug|Any CPU.ActiveCfg = Debug|Any CPU
		{F77A7A3B-D61D-416F-A931-175B27E14A25}.Debug|Any CPU.Build.0 = Debug|Any CPU
		{F77A7A3B-D61D-416F-A931-175B27E14A25}.Release|Any CPU.ActiveCfg = Release|Any CPU
		{F77A7A3B-D61D-416F-A931-175B27E14A25}.Release|Any CPU.Build.0 = Release|Any CPU
	EndGlobalSection
	GlobalSection(SolutionProperties) = preSolution
		HideSolutionNode = FALSE
	EndGlobalSection
	GlobalSection(ExtensibilityGlobals) = postSolution
		SolutionGuid = {99FFA6A3-78FE-47F9-9BF6-278F8C86EB84}
	EndGlobalSection
EndGlobal
